
Microsoft Visual Studio Solution File, Format Version 12.00
# Visual Studio Version 17
VisualStudioVersion = 17.14.36408.4 d17.14
MinimumVisualStudioVersion = 10.0.40219.1
Project("{FAE04EC0-301F-11D3-BF4B-00C04F79EFBC}") = "ShopApp", "ShopApp\ShopApp.csproj", "{8ACCE57E-0569-42B9-B840-4CBB1EE3BAFC}"
EndProject
Global
	GlobalSection(SolutionConfigurationPlatforms) = preSolution
		Debug|Any CPU = Debug|Any CPU
		Release|Any CPU = Release|Any CPU
	EndGlobalSection
	GlobalSection(ProjectConfigurationPlatforms) = postSolution
		{8ACCE57E-0569-42B9-B840-4CBB1EE3BAFC}.Debug|Any CPU.ActiveCfg = Debug|Any CPU
		{8ACCE57E-0569-42B9-B840-4CBB1EE3BAFC}.Debug|Any CPU.Build.0 = Debug|Any CPU
		{8ACCE57E-0569-42B9-B840-4CBB1EE3BAFC}.Release|Any CPU.ActiveCfg = Release|Any CPU
		{8ACCE57E-0569-42B9-B840-4CBB1EE3BAFC}.Release|Any CPU.Build.0 = Release|Any CPU
	EndGlobalSection
	GlobalSection(SolutionProperties) = preSolution
		HideSolutionNode = FALSE
	EndGlobalSection
	GlobalSection(ExtensibilityGlobals) = postSolution
		SolutionGuid = {02D0DB4E-6342-4FFD-A6CD-F30CCBB643A5}
	EndGlobalSection
EndGlobal
